// !$*UTF8*$!
{
	archiveVersion = 1;
	classes = {
	};
	objectVersion = 56;
	objects = {

/* Begin PBXBuildFile section */
		6800D085291B8439005BA24E /* Services.framework in Frameworks */ = {isa = PBXBuildFile; fileRef = 6800D07C291B8439005BA24E /* Services.framework */; };
		6800D08A291B8439005BA24E /* ServicesTests.swift in Sources */ = {isa = PBXBuildFile; fileRef = 6800D089291B8439005BA24E /* ServicesTests.swift */; };
		6800D08B291B8439005BA24E /* Services.h in Headers */ = {isa = PBXBuildFile; fileRef = 6800D07F291B8439005BA24E /* Services.h */; settings = {ATTRIBUTES = (Public, ); }; };
		6800D0A6291B8594005BA24E /* ServicesProvider.swift in Sources */ = {isa = PBXBuildFile; fileRef = 6800D0A5291B8594005BA24E /* ServicesProvider.swift */; };
		6800D0A9291B85AF005BA24E /* HTTPMethod.swift in Sources */ = {isa = PBXBuildFile; fileRef = 6800D0A8291B85AF005BA24E /* HTTPMethod.swift */; };
		6800D0AC291B85B8005BA24E /* NetworkService.swift in Sources */ = {isa = PBXBuildFile; fileRef = 6800D0AA291B85B8005BA24E /* NetworkService.swift */; };
		6800D0AD291B85B8005BA24E /* NetworkServiceType.swift in Sources */ = {isa = PBXBuildFile; fileRef = 6800D0AB291B85B8005BA24E /* NetworkServiceType.swift */; };
		6800D0B0291B85CF005BA24E /* Resource.swift in Sources */ = {isa = PBXBuildFile; fileRef = 6800D0AF291B85CF005BA24E /* Resource.swift */; };
		6800D0B8291B861E005BA24E /* Publisher+Extension.swift in Sources */ = {isa = PBXBuildFile; fileRef = 6800D0B7291B861E005BA24E /* Publisher+Extension.swift */; };
		68432E1C291B9BF0001AB7F2 /* Scheduler.swift in Sources */ = {isa = PBXBuildFile; fileRef = 68432E1B291B9BF0001AB7F2 /* Scheduler.swift */; };
		68C4E842291BA72400356271 /* NetworkServiceConstants.swift in Sources */ = {isa = PBXBuildFile; fileRef = 68C4E841291BA72400356271 /* NetworkServiceConstants.swift */; };
		68C4E848291BAFE900356271 /* Keys.framework in Frameworks */ = {isa = PBXBuildFile; fileRef = 68C4E847291BAFE900356271 /* Keys.framework */; };
		68E024B82921E41A000BFA51 /* Error.swift in Sources */ = {isa = PBXBuildFile; fileRef = 68E024B72921E41A000BFA51 /* Error.swift */; };
/* End PBXBuildFile section */

/* Begin PBXContainerItemProxy section */
		6800D086291B8439005BA24E /* PBXContainerItemProxy */ = {
			isa = PBXContainerItemProxy;
			containerPortal = 6800D073291B8438005BA24E /* Project object */;
			proxyType = 1;
			remoteGlobalIDString = 6800D07B291B8439005BA24E;
			remoteInfo = Services;
		};
/* End PBXContainerItemProxy section */

/* Begin PBXFileReference section */
		6800D07C291B8439005BA24E /* Services.framework */ = {isa = PBXFileReference; explicitFileType = wrapper.framework; includeInIndex = 0; path = Services.framework; sourceTree = BUILT_PRODUCTS_DIR; };
		6800D07F291B8439005BA24E /* Services.h */ = {isa = PBXFileReference; lastKnownFileType = sourcecode.c.h; path = Services.h; sourceTree = "<group>"; };
		6800D084291B8439005BA24E /* ServicesTests.xctest */ = {isa = PBXFileReference; explicitFileType = wrapper.cfbundle; includeInIndex = 0; path = ServicesTests.xctest; sourceTree = BUILT_PRODUCTS_DIR; };
		6800D089291B8439005BA24E /* ServicesTests.swift */ = {isa = PBXFileReference; lastKnownFileType = sourcecode.swift; path = ServicesTests.swift; sourceTree = "<group>"; };
		6800D0A5291B8594005BA24E /* ServicesProvider.swift */ = {isa = PBXFileReference; fileEncoding = 4; lastKnownFileType = sourcecode.swift; path = ServicesProvider.swift; sourceTree = "<group>"; };
		6800D0A8291B85AF005BA24E /* HTTPMethod.swift */ = {isa = PBXFileReference; fileEncoding = 4; lastKnownFileType = sourcecode.swift; path = HTTPMethod.swift; sourceTree = "<group>"; };
		6800D0AA291B85B8005BA24E /* NetworkService.swift */ = {isa = PBXFileReference; fileEncoding = 4; lastKnownFileType = sourcecode.swift; path = NetworkService.swift; sourceTree = "<group>"; };
		6800D0AB291B85B8005BA24E /* NetworkServiceType.swift */ = {isa = PBXFileReference; fileEncoding = 4; lastKnownFileType = sourcecode.swift; path = NetworkServiceType.swift; sourceTree = "<group>"; };
		6800D0AF291B85CF005BA24E /* Resource.swift */ = {isa = PBXFileReference; fileEncoding = 4; lastKnownFileType = sourcecode.swift; path = Resource.swift; sourceTree = "<group>"; };
		6800D0B7291B861E005BA24E /* Publisher+Extension.swift */ = {isa = PBXFileReference; fileEncoding = 4; lastKnownFileType = sourcecode.swift; path = "Publisher+Extension.swift"; sourceTree = "<group>"; };
		68432E1B291B9BF0001AB7F2 /* Scheduler.swift */ = {isa = PBXFileReference; lastKnownFileType = sourcecode.swift; path = Scheduler.swift; sourceTree = "<group>"; };
		68C4E841291BA72400356271 /* NetworkServiceConstants.swift */ = {isa = PBXFileReference; lastKnownFileType = sourcecode.swift; path = NetworkServiceConstants.swift; sourceTree = "<group>"; };
		68C4E843291BA8B300356271 /* Info.plist */ = {isa = PBXFileReference; lastKnownFileType = text.plist; path = Info.plist; sourceTree = "<group>"; };
		68C4E847291BAFE900356271 /* Keys.framework */ = {isa = PBXFileReference; explicitFileType = wrapper.framework; path = Keys.framework; sourceTree = BUILT_PRODUCTS_DIR; };
		68E024B72921E41A000BFA51 /* Error.swift */ = {isa = PBXFileReference; lastKnownFileType = sourcecode.swift; path = Error.swift; sourceTree = "<group>"; };
/* End PBXFileReference section */

/* Begin PBXFrameworksBuildPhase section */
		6800D079291B8439005BA24E /* Frameworks */ = {
			isa = PBXFrameworksBuildPhase;
			buildActionMask = 2147483647;
			files = (
				68C4E848291BAFE900356271 /* Keys.framework in Frameworks */,
			);
			runOnlyForDeploymentPostprocessing = 0;
		};
		6800D081291B8439005BA24E /* Frameworks */ = {
			isa = PBXFrameworksBuildPhase;
			buildActionMask = 2147483647;
			files = (
				6800D085291B8439005BA24E /* Services.framework in Frameworks */,
			);
			runOnlyForDeploymentPostprocessing = 0;
		};
/* End PBXFrameworksBuildPhase section */

/* Begin PBXGroup section */
		6800D072291B8438005BA24E = {
			isa = PBXGroup;
			children = (
				6800D07E291B8439005BA24E /* Services */,
				6800D088291B8439005BA24E /* ServicesTests */,
				6800D07D291B8439005BA24E /* Products */,
				68C4E846291BAFE900356271 /* Frameworks */,
			);
			sourceTree = "<group>";
		};
		6800D07D291B8439005BA24E /* Products */ = {
			isa = PBXGroup;
			children = (
				6800D07C291B8439005BA24E /* Services.framework */,
				6800D084291B8439005BA24E /* ServicesTests.xctest */,
			);
			name = Products;
			sourceTree = "<group>";
		};
		6800D07E291B8439005BA24E /* Services */ = {
			isa = PBXGroup;
			children = (
				68C4E843291BA8B300356271 /* Info.plist */,
				6800D0A5291B8594005BA24E /* ServicesProvider.swift */,
				68432E1B291B9BF0001AB7F2 /* Scheduler.swift */,
				6800D0A7291B85A5005BA24E /* Network */,
				6800D0B6291B8610005BA24E /* Extensions */,
				6800D07F291B8439005BA24E /* Services.h */,
			);
			path = Services;
			sourceTree = "<group>";
		};
		6800D088291B8439005BA24E /* ServicesTests */ = {
			isa = PBXGroup;
			children = (
				6800D089291B8439005BA24E /* ServicesTests.swift */,
			);
			path = ServicesTests;
			sourceTree = "<group>";
		};
		6800D0A7291B85A5005BA24E /* Network */ = {
			isa = PBXGroup;
			children = (
				6800D0AA291B85B8005BA24E /* NetworkService.swift */,
				6800D0AB291B85B8005BA24E /* NetworkServiceType.swift */,
				68C4E841291BA72400356271 /* NetworkServiceConstants.swift */,
				6800D0A8291B85AF005BA24E /* HTTPMethod.swift */,
				6800D0AF291B85CF005BA24E /* Resource.swift */,
				68E024B72921E41A000BFA51 /* Error.swift */,
			);
			path = Network;
			sourceTree = "<group>";
		};
		6800D0B6291B8610005BA24E /* Extensions */ = {
			isa = PBXGroup;
			children = (
				6800D0B7291B861E005BA24E /* Publisher+Extension.swift */,
			);
			path = Extensions;
			sourceTree = "<group>";
		};
		68C4E846291BAFE900356271 /* Frameworks */ = {
			isa = PBXGroup;
			children = (
				68C4E847291BAFE900356271 /* Keys.framework */,
			);
			name = Frameworks;
			sourceTree = "<group>";
		};
/* End PBXGroup section */

/* Begin PBXHeadersBuildPhase section */
		6800D077291B8439005BA24E /* Headers */ = {
			isa = PBXHeadersBuildPhase;
			buildActionMask = 2147483647;
			files = (
				6800D08B291B8439005BA24E /* Services.h in Headers */,
			);
			runOnlyForDeploymentPostprocessing = 0;
		};
/* End PBXHeadersBuildPhase section */

/* Begin PBXNativeTarget section */
		6800D07B291B8439005BA24E /* Services */ = {
			isa = PBXNativeTarget;
			buildConfigurationList = 6800D08E291B8439005BA24E /* Build configuration list for PBXNativeTarget "Services" */;
			buildPhases = (
				6800D077291B8439005BA24E /* Headers */,
				6800D078291B8439005BA24E /* Sources */,
				6800D079291B8439005BA24E /* Frameworks */,
				6800D07A291B8439005BA24E /* Resources */,
			);
			buildRules = (
			);
			dependencies = (
			);
			name = Services;
			productName = Services;
			productReference = 6800D07C291B8439005BA24E /* Services.framework */;
			productType = "com.apple.product-type.framework";
		};
		6800D083291B8439005BA24E /* ServicesTests */ = {
			isa = PBXNativeTarget;
			buildConfigurationList = 6800D091291B8439005BA24E /* Build configuration list for PBXNativeTarget "ServicesTests" */;
			buildPhases = (
				6800D080291B8439005BA24E /* Sources */,
				6800D081291B8439005BA24E /* Frameworks */,
				6800D082291B8439005BA24E /* Resources */,
			);
			buildRules = (
			);
			dependencies = (
				6800D087291B8439005BA24E /* PBXTargetDependency */,
			);
			name = ServicesTests;
			productName = ServicesTests;
			productReference = 6800D084291B8439005BA24E /* ServicesTests.xctest */;
			productType = "com.apple.product-type.bundle.unit-test";
		};
/* End PBXNativeTarget section */

/* Begin PBXProject section */
		6800D073291B8438005BA24E /* Project object */ = {
			isa = PBXProject;
			attributes = {
				BuildIndependentTargetsInParallel = 1;
				LastSwiftUpdateCheck = 1400;
				LastUpgradeCheck = 1400;
				TargetAttributes = {
					6800D07B291B8439005BA24E = {
						CreatedOnToolsVersion = 14.0.1;
						LastSwiftMigration = 1400;
					};
					6800D083291B8439005BA24E = {
						CreatedOnToolsVersion = 14.0.1;
					};
				};
			};
			buildConfigurationList = 6800D076291B8438005BA24E /* Build configuration list for PBXProject "Services" */;
			compatibilityVersion = "Xcode 14.0";
			developmentRegion = en;
			hasScannedForEncodings = 0;
			knownRegions = (
				en,
				Base,
			);
			mainGroup = 6800D072291B8438005BA24E;
			productRefGroup = 6800D07D291B8439005BA24E /* Products */;
			projectDirPath = "";
			projectRoot = "";
			targets = (
				6800D07B291B8439005BA24E /* Services */,
				6800D083291B8439005BA24E /* ServicesTests */,
			);
		};
/* End PBXProject section */

/* Begin PBXResourcesBuildPhase section */
		6800D07A291B8439005BA24E /* Resources */ = {
			isa = PBXResourcesBuildPhase;
			buildActionMask = 2147483647;
			files = (
			);
			runOnlyForDeploymentPostprocessing = 0;
		};
		6800D082291B8439005BA24E /* Resources */ = {
			isa = PBXResourcesBuildPhase;
			buildActionMask = 2147483647;
			files = (
			);
			runOnlyForDeploymentPostprocessing = 0;
		};
/* End PBXResourcesBuildPhase section */

/* Begin PBXSourcesBuildPhase section */
		6800D078291B8439005BA24E /* Sources */ = {
			isa = PBXSourcesBuildPhase;
			buildActionMask = 2147483647;
			files = (
				6800D0AD291B85B8005BA24E /* NetworkServiceType.swift in Sources */,
				68432E1C291B9BF0001AB7F2 /* Scheduler.swift in Sources */,
				6800D0A9291B85AF005BA24E /* HTTPMethod.swift in Sources */,
				6800D0B8291B861E005BA24E /* Publisher+Extension.swift in Sources */,
				6800D0AC291B85B8005BA24E /* NetworkService.swift in Sources */,
				6800D0B0291B85CF005BA24E /* Resource.swift in Sources */,
				6800D0A6291B8594005BA24E /* ServicesProvider.swift in Sources */,
				68E024B82921E41A000BFA51 /* Error.swift in Sources */,
				68C4E842291BA72400356271 /* NetworkServiceConstants.swift in Sources */,
			);
			runOnlyForDeploymentPostprocessing = 0;
		};
		6800D080291B8439005BA24E /* Sources */ = {
			isa = PBXSourcesBuildPhase;
			buildActionMask = 2147483647;
			files = (
				6800D08A291B8439005BA24E /* ServicesTests.swift in Sources */,
			);
			runOnlyForDeploymentPostprocessing = 0;
		};
/* End PBXSourcesBuildPhase section */

/* Begin PBXTargetDependency section */
		6800D087291B8439005BA24E /* PBXTargetDependency */ = {
			isa = PBXTargetDependency;
			target = 6800D07B291B8439005BA24E /* Services */;
			targetProxy = 6800D086291B8439005BA24E /* PBXContainerItemProxy */;
		};
/* End PBXTargetDependency section */

/* Begin XCBuildConfiguration section */
		6800D08C291B8439005BA24E /* Debug */ = {
			isa = XCBuildConfiguration;
			buildSettings = {
				ALWAYS_SEARCH_USER_PATHS = NO;
				CLANG_ANALYZER_NONNULL = YES;
				CLANG_ANALYZER_NUMBER_OBJECT_CONVERSION = YES_AGGRESSIVE;
				CLANG_CXX_LANGUAGE_STANDARD = "gnu++20";
				CLANG_ENABLE_MODULES = YES;
				CLANG_ENABLE_OBJC_ARC = YES;
				CLANG_ENABLE_OBJC_WEAK = YES;
				CLANG_WARN_BLOCK_CAPTURE_AUTORELEASING = YES;
				CLANG_WARN_BOOL_CONVERSION = YES;
				CLANG_WARN_COMMA = YES;
				CLANG_WARN_CONSTANT_CONVERSION = YES;
				CLANG_WARN_DEPRECATED_OBJC_IMPLEMENTATIONS = YES;
				CLANG_WARN_DIRECT_OBJC_ISA_USAGE = YES_ERROR;
				CLANG_WARN_DOCUMENTATION_COMMENTS = YES;
				CLANG_WARN_EMPTY_BODY = YES;
				CLANG_WARN_ENUM_CONVERSION = YES;
				CLANG_WARN_INFINITE_RECURSION = YES;
				CLANG_WARN_INT_CONVERSION = YES;
				CLANG_WARN_NON_LITERAL_NULL_CONVERSION = YES;
				CLANG_WARN_OBJC_IMPLICIT_RETAIN_SELF = YES;
				CLANG_WARN_OBJC_LITERAL_CONVERSION = YES;
				CLANG_WARN_OBJC_ROOT_CLASS = YES_ERROR;
				CLANG_WARN_QUOTED_INCLUDE_IN_FRAMEWORK_HEADER = YES;
				CLANG_WARN_RANGE_LOOP_ANALYSIS = YES;
				CLANG_WARN_STRICT_PROTOTYPES = YES;
				CLANG_WARN_SUSPICIOUS_MOVE = YES;
				CLANG_WARN_UNGUARDED_AVAILABILITY = YES_AGGRESSIVE;
				CLANG_WARN_UNREACHABLE_CODE = YES;
				CLANG_WARN__DUPLICATE_METHOD_MATCH = YES;
				COPY_PHASE_STRIP = NO;
				CURRENT_PROJECT_VERSION = 1;
				DEBUG_INFORMATION_FORMAT = dwarf;
				ENABLE_STRICT_OBJC_MSGSEND = YES;
				ENABLE_TESTABILITY = YES;
				GCC_C_LANGUAGE_STANDARD = gnu11;
				GCC_DYNAMIC_NO_PIC = NO;
				GCC_NO_COMMON_BLOCKS = YES;
				GCC_OPTIMIZATION_LEVEL = 0;
				GCC_PREPROCESSOR_DEFINITIONS = (
					"DEBUG=1",
					"$(inherited)",
				);
				GCC_WARN_64_TO_32_BIT_CONVERSION = YES;
				GCC_WARN_ABOUT_RETURN_TYPE = YES_ERROR;
				GCC_WARN_UNDECLARED_SELECTOR = YES;
				GCC_WARN_UNINITIALIZED_AUTOS = YES_AGGRESSIVE;
				GCC_WARN_UNUSED_FUNCTION = YES;
				GCC_WARN_UNUSED_VARIABLE = YES;
				IPHONEOS_DEPLOYMENT_TARGET = 14.0;
				MTL_ENABLE_DEBUG_INFO = INCLUDE_SOURCE;
				MTL_FAST_MATH = YES;
				ONLY_ACTIVE_ARCH = YES;
				SDKROOT = iphoneos;
				SWIFT_ACTIVE_COMPILATION_CONDITIONS = DEBUG;
				SWIFT_OPTIMIZATION_LEVEL = "-Onone";
				VERSIONING_SYSTEM = "apple-generic";
				VERSION_INFO_PREFIX = "";
			};
			name = Debug;
		};
		6800D08D291B8439005BA24E /* Release */ = {
			isa = XCBuildConfiguration;
			buildSettings = {
				ALWAYS_SEARCH_USER_PATHS = NO;
				CLANG_ANALYZER_NONNULL = YES;
				CLANG_ANALYZER_NUMBER_OBJECT_CONVERSION = YES_AGGRESSIVE;
				CLANG_CXX_LANGUAGE_STANDARD = "gnu++20";
				CLANG_ENABLE_MODULES = YES;
				CLANG_ENABLE_OBJC_ARC = YES;
				CLANG_ENABLE_OBJC_WEAK = YES;
				CLANG_WARN_BLOCK_CAPTURE_AUTORELEASING = YES;
				CLANG_WARN_BOOL_CONVERSION = YES;
				CLANG_WARN_COMMA = YES;
				CLANG_WARN_CONSTANT_CONVERSION = YES;
				CLANG_WARN_DEPRECATED_OBJC_IMPLEMENTATIONS = YES;
				CLANG_WARN_DIRECT_OBJC_ISA_USAGE = YES_ERROR;
				CLANG_WARN_DOCUMENTATION_COMMENTS = YES;
				CLANG_WARN_EMPTY_BODY = YES;
				CLANG_WARN_ENUM_CONVERSION = YES;
				CLANG_WARN_INFINITE_RECURSION = YES;
				CLANG_WARN_INT_CONVERSION = YES;
				CLANG_WARN_NON_LITERAL_NULL_CONVERSION = YES;
				CLANG_WARN_OBJC_IMPLICIT_RETAIN_SELF = YES;
				CLANG_WARN_OBJC_LITERAL_CONVERSION = YES;
				CLANG_WARN_OBJC_ROOT_CLASS = YES_ERROR;
				CLANG_WARN_QUOTED_INCLUDE_IN_FRAMEWORK_HEADER = YES;
				CLANG_WARN_RANGE_LOOP_ANALYSIS = YES;
				CLANG_WARN_STRICT_PROTOTYPES = YES;
				CLANG_WARN_SUSPICIOUS_MOVE = YES;
				CLANG_WARN_UNGUARDED_AVAILABILITY = YES_AGGRESSIVE;
				CLANG_WARN_UNREACHABLE_CODE = YES;
				CLANG_WARN__DUPLICATE_METHOD_MATCH = YES;
				COPY_PHASE_STRIP = NO;
				CURRENT_PROJECT_VERSION = 1;
				DEBUG_INFORMATION_FORMAT = "dwarf-with-dsym";
				ENABLE_NS_ASSERTIONS = NO;
				ENABLE_STRICT_OBJC_MSGSEND = YES;
				GCC_C_LANGUAGE_STANDARD = gnu11;
				GCC_NO_COMMON_BLOCKS = YES;
				GCC_WARN_64_TO_32_BIT_CONVERSION = YES;
				GCC_WARN_ABOUT_RETURN_TYPE = YES_ERROR;
				GCC_WARN_UNDECLARED_SELECTOR = YES;
				GCC_WARN_UNINITIALIZED_AUTOS = YES_AGGRESSIVE;
				GCC_WARN_UNUSED_FUNCTION = YES;
				GCC_WARN_UNUSED_VARIABLE = YES;
				IPHONEOS_DEPLOYMENT_TARGET = 14.0;
				MTL_ENABLE_DEBUG_INFO = NO;
				MTL_FAST_MATH = YES;
				SDKROOT = iphoneos;
				SWIFT_COMPILATION_MODE = wholemodule;
				SWIFT_OPTIMIZATION_LEVEL = "-O";
				VALIDATE_PRODUCT = YES;
				VERSIONING_SYSTEM = "apple-generic";
				VERSION_INFO_PREFIX = "";
			};
			name = Release;
		};
		6800D08F291B8439005BA24E /* Debug */ = {
			isa = XCBuildConfiguration;
			buildSettings = {
				CLANG_ENABLE_MODULES = YES;
				CODE_SIGN_IDENTITY = "Apple Development";
				CODE_SIGN_STYLE = Automatic;
				CURRENT_PROJECT_VERSION = 1;
				DEFINES_MODULE = YES;
				DEVELOPMENT_TEAM = 79BPQ6NDVU;
				DYLIB_COMPATIBILITY_VERSION = 1;
				DYLIB_CURRENT_VERSION = 1;
				DYLIB_INSTALL_NAME_BASE = "@rpath";
				GENERATE_INFOPLIST_FILE = YES;
				INFOPLIST_FILE = Services/Info.plist;
				INFOPLIST_KEY_NSHumanReadableCopyright = "";
				INSTALL_PATH = "$(LOCAL_LIBRARY_DIR)/Frameworks";
				IPHONEOS_DEPLOYMENT_TARGET = 14.0;
				LD_RUNPATH_SEARCH_PATHS = (
					"$(inherited)",
					"@executable_path/Frameworks",
					"@loader_path/Frameworks",
				);
				MARKETING_VERSION = 1.0;
				PRODUCT_BUNDLE_IDENTIFIER = com.tuantang.SoccerFan.Services;
				PRODUCT_NAME = "$(TARGET_NAME:c99extidentifier)";
				SKIP_INSTALL = YES;
				SUPPORTED_PLATFORMS = "iphoneos iphonesimulator";
				SUPPORTS_MACCATALYST = NO;
				SUPPORTS_MAC_DESIGNED_FOR_IPHONE_IPAD = NO;
				SWIFT_EMIT_LOC_STRINGS = YES;
				SWIFT_OPTIMIZATION_LEVEL = "-Onone";
				SWIFT_VERSION = 5.0;
				TARGETED_DEVICE_FAMILY = "1,2";
			};
			name = Debug;
		};
		6800D090291B8439005BA24E /* Release */ = {
			isa = XCBuildConfiguration;
			buildSettings = {
				CLANG_ENABLE_MODULES = YES;
				CODE_SIGN_IDENTITY = "Apple Development";
				CODE_SIGN_STYLE = Automatic;
				CURRENT_PROJECT_VERSION = 1;
				DEFINES_MODULE = YES;
				DEVELOPMENT_TEAM = 79BPQ6NDVU;
				DYLIB_COMPATIBILITY_VERSION = 1;
				DYLIB_CURRENT_VERSION = 1;
				DYLIB_INSTALL_NAME_BASE = "@rpath";
				GENERATE_INFOPLIST_FILE = YES;
				INFOPLIST_FILE = Services/Info.plist;
				INFOPLIST_KEY_NSHumanReadableCopyright = "";
				INSTALL_PATH = "$(LOCAL_LIBRARY_DIR)/Frameworks";
				IPHONEOS_DEPLOYMENT_TARGET = 14.0;
				LD_RUNPATH_SEARCH_PATHS = (
					"$(inherited)",
					"@executable_path/Frameworks",
					"@loader_path/Frameworks",
				);
				MARKETING_VERSION = 1.0;
				PRODUCT_BUNDLE_IDENTIFIER = com.tuantang.SoccerFan.Services;
				PRODUCT_NAME = "$(TARGET_NAME:c99extidentifier)";
				SKIP_INSTALL = YES;
				SUPPORTED_PLATFORMS = "iphoneos iphonesimulator";
				SUPPORTS_MACCATALYST = NO;
				SUPPORTS_MAC_DESIGNED_FOR_IPHONE_IPAD = NO;
				SWIFT_EMIT_LOC_STRINGS = YES;
				SWIFT_VERSION = 5.0;
				TARGETED_DEVICE_FAMILY = "1,2";
			};
			name = Release;
		};
		6800D092291B8439005BA24E /* Debug */ = {
			isa = XCBuildConfiguration;
			buildSettings = {
				ALWAYS_EMBED_SWIFT_STANDARD_LIBRARIES = YES;
				CODE_SIGN_STYLE = Automatic;
				CURRENT_PROJECT_VERSION = 1;
				GENERATE_INFOPLIST_FILE = YES;
				MARKETING_VERSION = 1.0;
				PRODUCT_BUNDLE_IDENTIFIER = com.tuantang.ServicesTests;
				PRODUCT_NAME = "$(TARGET_NAME)";
				SWIFT_EMIT_LOC_STRINGS = NO;
				SWIFT_VERSION = 5.0;
				TARGETED_DEVICE_FAMILY = "1,2";
			};
			name = Debug;
		};
		6800D093291B8439005BA24E /* Release */ = {
			isa = XCBuildConfiguration;
			buildSettings = {
				ALWAYS_EMBED_SWIFT_STANDARD_LIBRARIES = YES;
				CODE_SIGN_STYLE = Automatic;
				CURRENT_PROJECT_VERSION = 1;
				GENERATE_INFOPLIST_FILE = YES;
				MARKETING_VERSION = 1.0;
				PRODUCT_BUNDLE_IDENTIFIER = com.tuantang.ServicesTests;
				PRODUCT_NAME = "$(TARGET_NAME)";
				SWIFT_EMIT_LOC_STRINGS = NO;
				SWIFT_VERSION = 5.0;
				TARGETED_DEVICE_FAMILY = "1,2";
			};
			name = Release;
		};
/* End XCBuildConfiguration section */

/* Begin XCConfigurationList section */
		6800D076291B8438005BA24E /* Build configuration list for PBXProject "Services" */ = {
			isa = XCConfigurationList;
			buildConfigurations = (
				6800D08C291B8439005BA24E /* Debug */,
				6800D08D291B8439005BA24E /* Release */,
			);
			defaultConfigurationIsVisible = 0;
			defaultConfigurationName = Release;
		};
		6800D08E291B8439005BA24E /* Build configuration list for PBXNativeTarget "Services" */ = {
			isa = XCConfigurationList;
			buildConfigurations = (
				6800D08F291B8439005BA24E /* Debug */,
				6800D090291B8439005BA24E /* Release */,
			);
			defaultConfigurationIsVisible = 0;
			defaultConfigurationName = Release;
		};
		6800D091291B8439005BA24E /* Build configuration list for PBXNativeTarget "ServicesTests" */ = {
			isa = XCConfigurationList;
			buildConfigurations = (
				6800D092291B8439005BA24E /* Debug */,
				6800D093291B8439005BA24E /* Release */,
			);
			defaultConfigurationIsVisible = 0;
			defaultConfigurationName = Release;
		};
/* End XCConfigurationList section */
	};
	rootObject = 6800D073291B8438005BA24E /* Project object */;
}
