// !$*UTF8*$!
{
	archiveVersion = 1;
	classes = {
	};
	objectVersion = 56;
	objects = {

/* Begin PBXBuildFile section */
		68432E30291B9C8C001AB7F2 /* UseCases.framework in Frameworks */ = {isa = PBXBuildFile; fileRef = 68432E27291B9C8C001AB7F2 /* UseCases.framework */; };
		68432E35291B9C8C001AB7F2 /* UseCasesTests.swift in Sources */ = {isa = PBXBuildFile; fileRef = 68432E34291B9C8C001AB7F2 /* UseCasesTests.swift */; };
		68432E36291B9C8C001AB7F2 /* UseCases.h in Headers */ = {isa = PBXBuildFile; fileRef = 68432E2A291B9C8C001AB7F2 /* UseCases.h */; settings = {ATTRIBUTES = (Public, ); }; };
		68432E41291B9D0B001AB7F2 /* Resource+Standings.swift in Sources */ = {isa = PBXBuildFile; fileRef = 68432E40291B9D0B001AB7F2 /* Resource+Standings.swift */; };
		68432E6E291BA4C9001AB7F2 /* Resource+Extension.swift in Sources */ = {isa = PBXBuildFile; fileRef = 68432E6D291BA4C9001AB7F2 /* Resource+Extension.swift */; };
		68C4E83E291BA63A00356271 /* StandingsResponse.swift in Sources */ = {isa = PBXBuildFile; fileRef = 68C4E83D291BA63A00356271 /* StandingsResponse.swift */; };
		68C4E840291BA68500356271 /* Entities.framework in Frameworks */ = {isa = PBXBuildFile; fileRef = 68C4E83F291BA68500356271 /* Entities.framework */; };
		68C4E845291BAFD500356271 /* Services.framework in Frameworks */ = {isa = PBXBuildFile; fileRef = 68C4E844291BAFD500356271 /* Services.framework */; };
		68DA4F92291C9178002A271C /* Response.swift in Sources */ = {isa = PBXBuildFile; fileRef = 68DA4F91291C9178002A271C /* Response.swift */; };
		68DA4F95291C9230002A271C /* StandingsUseCase.swift in Sources */ = {isa = PBXBuildFile; fileRef = 68DA4F94291C9230002A271C /* StandingsUseCase.swift */; };
/* End PBXBuildFile section */

/* Begin PBXContainerItemProxy section */
		68432E31291B9C8C001AB7F2 /* PBXContainerItemProxy */ = {
			isa = PBXContainerItemProxy;
			containerPortal = 68432E1E291B9C8C001AB7F2 /* Project object */;
			proxyType = 1;
			remoteGlobalIDString = 68432E26291B9C8C001AB7F2;
			remoteInfo = UseCases;
		};
/* End PBXContainerItemProxy section */

/* Begin PBXFileReference section */
		68432E27291B9C8C001AB7F2 /* UseCases.framework */ = {isa = PBXFileReference; explicitFileType = wrapper.framework; includeInIndex = 0; path = UseCases.framework; sourceTree = BUILT_PRODUCTS_DIR; };
		68432E2A291B9C8C001AB7F2 /* UseCases.h */ = {isa = PBXFileReference; lastKnownFileType = sourcecode.c.h; path = UseCases.h; sourceTree = "<group>"; };
		68432E2F291B9C8C001AB7F2 /* UseCasesTests.xctest */ = {isa = PBXFileReference; explicitFileType = wrapper.cfbundle; includeInIndex = 0; path = UseCasesTests.xctest; sourceTree = BUILT_PRODUCTS_DIR; };
		68432E34291B9C8C001AB7F2 /* UseCasesTests.swift */ = {isa = PBXFileReference; lastKnownFileType = sourcecode.swift; path = UseCasesTests.swift; sourceTree = "<group>"; };
		68432E40291B9D0B001AB7F2 /* Resource+Standings.swift */ = {isa = PBXFileReference; lastKnownFileType = sourcecode.swift; path = "Resource+Standings.swift"; sourceTree = "<group>"; };
		68432E6D291BA4C9001AB7F2 /* Resource+Extension.swift */ = {isa = PBXFileReference; lastKnownFileType = sourcecode.swift; path = "Resource+Extension.swift"; sourceTree = "<group>"; };
		68432E70291BA551001AB7F2 /* Keys.framework */ = {isa = PBXFileReference; explicitFileType = wrapper.framework; path = Keys.framework; sourceTree = BUILT_PRODUCTS_DIR; };
		68C4E83D291BA63A00356271 /* StandingsResponse.swift */ = {isa = PBXFileReference; lastKnownFileType = sourcecode.swift; path = StandingsResponse.swift; sourceTree = "<group>"; };
		68C4E83F291BA68500356271 /* Entities.framework */ = {isa = PBXFileReference; explicitFileType = wrapper.framework; path = Entities.framework; sourceTree = BUILT_PRODUCTS_DIR; };
		68C4E844291BAFD500356271 /* Services.framework */ = {isa = PBXFileReference; explicitFileType = wrapper.framework; path = Services.framework; sourceTree = BUILT_PRODUCTS_DIR; };
		68DA4F91291C9178002A271C /* Response.swift */ = {isa = PBXFileReference; lastKnownFileType = sourcecode.swift; path = Response.swift; sourceTree = "<group>"; };
		68DA4F94291C9230002A271C /* StandingsUseCase.swift */ = {isa = PBXFileReference; lastKnownFileType = sourcecode.swift; path = StandingsUseCase.swift; sourceTree = "<group>"; };
/* End PBXFileReference section */

/* Begin PBXFrameworksBuildPhase section */
		68432E24291B9C8C001AB7F2 /* Frameworks */ = {
			isa = PBXFrameworksBuildPhase;
			buildActionMask = 2147483647;
			files = (
				68C4E845291BAFD500356271 /* Services.framework in Frameworks */,
				68C4E840291BA68500356271 /* Entities.framework in Frameworks */,
			);
			runOnlyForDeploymentPostprocessing = 0;
		};
		68432E2C291B9C8C001AB7F2 /* Frameworks */ = {
			isa = PBXFrameworksBuildPhase;
			buildActionMask = 2147483647;
			files = (
				68432E30291B9C8C001AB7F2 /* UseCases.framework in Frameworks */,
			);
			runOnlyForDeploymentPostprocessing = 0;
		};
/* End PBXFrameworksBuildPhase section */

/* Begin PBXGroup section */
		68432E1D291B9C8C001AB7F2 = {
			isa = PBXGroup;
			children = (
				68432E29291B9C8C001AB7F2 /* UseCases */,
				68432E33291B9C8C001AB7F2 /* UseCasesTests */,
				68432E28291B9C8C001AB7F2 /* Products */,
				68432E6F291BA551001AB7F2 /* Frameworks */,
			);
			sourceTree = "<group>";
		};
		68432E28291B9C8C001AB7F2 /* Products */ = {
			isa = PBXGroup;
			children = (
				68432E27291B9C8C001AB7F2 /* UseCases.framework */,
				68432E2F291B9C8C001AB7F2 /* UseCasesTests.xctest */,
			);
			name = Products;
			sourceTree = "<group>";
		};
		68432E29291B9C8C001AB7F2 /* UseCases */ = {
			isa = PBXGroup;
			children = (
				68DA4F93291C9221002A271C /* UseCases */,
				68432E3F291B9CC4001AB7F2 /* Resource */,
				68C4E83C291BA61000356271 /* Response */,
				68432E2A291B9C8C001AB7F2 /* UseCases.h */,
			);
			path = UseCases;
			sourceTree = "<group>";
		};
		68432E33291B9C8C001AB7F2 /* UseCasesTests */ = {
			isa = PBXGroup;
			children = (
				68432E34291B9C8C001AB7F2 /* UseCasesTests.swift */,
			);
			path = UseCasesTests;
			sourceTree = "<group>";
		};
		68432E3F291B9CC4001AB7F2 /* Resource */ = {
			isa = PBXGroup;
			children = (
				68432E6D291BA4C9001AB7F2 /* Resource+Extension.swift */,
				68432E40291B9D0B001AB7F2 /* Resource+Standings.swift */,
			);
			path = Resource;
			sourceTree = "<group>";
		};
		68432E6F291BA551001AB7F2 /* Frameworks */ = {
			isa = PBXGroup;
			children = (
				68C4E844291BAFD500356271 /* Services.framework */,
				68C4E83F291BA68500356271 /* Entities.framework */,
				68432E70291BA551001AB7F2 /* Keys.framework */,
			);
			name = Frameworks;
			sourceTree = "<group>";
		};
		68C4E83C291BA61000356271 /* Response */ = {
			isa = PBXGroup;
			children = (
				68DA4F91291C9178002A271C /* Response.swift */,
				68C4E83D291BA63A00356271 /* StandingsResponse.swift */,
			);
			path = Response;
			sourceTree = "<group>";
		};
		68DA4F93291C9221002A271C /* UseCases */ = {
			isa = PBXGroup;
			children = (
				68DA4F94291C9230002A271C /* StandingsUseCase.swift */,
			);
			path = UseCases;
			sourceTree = "<group>";
		};
/* End PBXGroup section */

/* Begin PBXHeadersBuildPhase section */
		68432E22291B9C8C001AB7F2 /* Headers */ = {
			isa = PBXHeadersBuildPhase;
			buildActionMask = 2147483647;
			files = (
				68432E36291B9C8C001AB7F2 /* UseCases.h in Headers */,
			);
			runOnlyForDeploymentPostprocessing = 0;
		};
/* End PBXHeadersBuildPhase section */

/* Begin PBXNativeTarget section */
		68432E26291B9C8C001AB7F2 /* UseCases */ = {
			isa = PBXNativeTarget;
			buildConfigurationList = 68432E39291B9C8C001AB7F2 /* Build configuration list for PBXNativeTarget "UseCases" */;
			buildPhases = (
				68432E22291B9C8C001AB7F2 /* Headers */,
				68432E23291B9C8C001AB7F2 /* Sources */,
				68432E24291B9C8C001AB7F2 /* Frameworks */,
				68432E25291B9C8C001AB7F2 /* Resources */,
			);
			buildRules = (
			);
			dependencies = (
			);
			name = UseCases;
			productName = UseCases;
			productReference = 68432E27291B9C8C001AB7F2 /* UseCases.framework */;
			productType = "com.apple.product-type.framework";
		};
		68432E2E291B9C8C001AB7F2 /* UseCasesTests */ = {
			isa = PBXNativeTarget;
			buildConfigurationList = 68432E3C291B9C8C001AB7F2 /* Build configuration list for PBXNativeTarget "UseCasesTests" */;
			buildPhases = (
				68432E2B291B9C8C001AB7F2 /* Sources */,
				68432E2C291B9C8C001AB7F2 /* Frameworks */,
				68432E2D291B9C8C001AB7F2 /* Resources */,
			);
			buildRules = (
			);
			dependencies = (
				68432E32291B9C8C001AB7F2 /* PBXTargetDependency */,
			);
			name = UseCasesTests;
			productName = UseCasesTests;
			productReference = 68432E2F291B9C8C001AB7F2 /* UseCasesTests.xctest */;
			productType = "com.apple.product-type.bundle.unit-test";
		};
/* End PBXNativeTarget section */

/* Begin PBXProject section */
		68432E1E291B9C8C001AB7F2 /* Project object */ = {
			isa = PBXProject;
			attributes = {
				BuildIndependentTargetsInParallel = 1;
				LastSwiftUpdateCheck = 1400;
				LastUpgradeCheck = 1400;
				TargetAttributes = {
					68432E26291B9C8C001AB7F2 = {
						CreatedOnToolsVersion = 14.0.1;
						LastSwiftMigration = 1400;
					};
					68432E2E291B9C8C001AB7F2 = {
						CreatedOnToolsVersion = 14.0.1;
					};
				};
			};
			buildConfigurationList = 68432E21291B9C8C001AB7F2 /* Build configuration list for PBXProject "UseCases" */;
			compatibilityVersion = "Xcode 14.0";
			developmentRegion = en;
			hasScannedForEncodings = 0;
			knownRegions = (
				en,
				Base,
			);
			mainGroup = 68432E1D291B9C8C001AB7F2;
			productRefGroup = 68432E28291B9C8C001AB7F2 /* Products */;
			projectDirPath = "";
			projectRoot = "";
			targets = (
				68432E26291B9C8C001AB7F2 /* UseCases */,
				68432E2E291B9C8C001AB7F2 /* UseCasesTests */,
			);
		};
/* End PBXProject section */

/* Begin PBXResourcesBuildPhase section */
		68432E25291B9C8C001AB7F2 /* Resources */ = {
			isa = PBXResourcesBuildPhase;
			buildActionMask = 2147483647;
			files = (
			);
			runOnlyForDeploymentPostprocessing = 0;
		};
		68432E2D291B9C8C001AB7F2 /* Resources */ = {
			isa = PBXResourcesBuildPhase;
			buildActionMask = 2147483647;
			files = (
			);
			runOnlyForDeploymentPostprocessing = 0;
		};
/* End PBXResourcesBuildPhase section */

/* Begin PBXSourcesBuildPhase section */
		68432E23291B9C8C001AB7F2 /* Sources */ = {
			isa = PBXSourcesBuildPhase;
			buildActionMask = 2147483647;
			files = (
				68DA4F92291C9178002A271C /* Response.swift in Sources */,
				68DA4F95291C9230002A271C /* StandingsUseCase.swift in Sources */,
				68432E41291B9D0B001AB7F2 /* Resource+Standings.swift in Sources */,
				68432E6E291BA4C9001AB7F2 /* Resource+Extension.swift in Sources */,
				68C4E83E291BA63A00356271 /* StandingsResponse.swift in Sources */,
			);
			runOnlyForDeploymentPostprocessing = 0;
		};
		68432E2B291B9C8C001AB7F2 /* Sources */ = {
			isa = PBXSourcesBuildPhase;
			buildActionMask = 2147483647;
			files = (
				68432E35291B9C8C001AB7F2 /* UseCasesTests.swift in Sources */,
			);
			runOnlyForDeploymentPostprocessing = 0;
		};
/* End PBXSourcesBuildPhase section */

/* Begin PBXTargetDependency section */
		68432E32291B9C8C001AB7F2 /* PBXTargetDependency */ = {
			isa = PBXTargetDependency;
			target = 68432E26291B9C8C001AB7F2 /* UseCases */;
			targetProxy = 68432E31291B9C8C001AB7F2 /* PBXContainerItemProxy */;
		};
/* End PBXTargetDependency section */

/* Begin XCBuildConfiguration section */
		68432E37291B9C8C001AB7F2 /* Debug */ = {
			isa = XCBuildConfiguration;
			buildSettings = {
				ALWAYS_SEARCH_USER_PATHS = NO;
				CLANG_ANALYZER_NONNULL = YES;
				CLANG_ANALYZER_NUMBER_OBJECT_CONVERSION = YES_AGGRESSIVE;
				CLANG_CXX_LANGUAGE_STANDARD = "gnu++20";
				CLANG_ENABLE_MODULES = YES;
				CLANG_ENABLE_OBJC_ARC = YES;
				CLANG_ENABLE_OBJC_WEAK = YES;
				CLANG_WARN_BLOCK_CAPTURE_AUTORELEASING = YES;
				CLANG_WARN_BOOL_CONVERSION = YES;
				CLANG_WARN_COMMA = YES;
				CLANG_WARN_CONSTANT_CONVERSION = YES;
				CLANG_WARN_DEPRECATED_OBJC_IMPLEMENTATIONS = YES;
				CLANG_WARN_DIRECT_OBJC_ISA_USAGE = YES_ERROR;
				CLANG_WARN_DOCUMENTATION_COMMENTS = YES;
				CLANG_WARN_EMPTY_BODY = YES;
				CLANG_WARN_ENUM_CONVERSION = YES;
				CLANG_WARN_INFINITE_RECURSION = YES;
				CLANG_WARN_INT_CONVERSION = YES;
				CLANG_WARN_NON_LITERAL_NULL_CONVERSION = YES;
				CLANG_WARN_OBJC_IMPLICIT_RETAIN_SELF = YES;
				CLANG_WARN_OBJC_LITERAL_CONVERSION = YES;
				CLANG_WARN_OBJC_ROOT_CLASS = YES_ERROR;
				CLANG_WARN_QUOTED_INCLUDE_IN_FRAMEWORK_HEADER = YES;
				CLANG_WARN_RANGE_LOOP_ANALYSIS = YES;
				CLANG_WARN_STRICT_PROTOTYPES = YES;
				CLANG_WARN_SUSPICIOUS_MOVE = YES;
				CLANG_WARN_UNGUARDED_AVAILABILITY = YES_AGGRESSIVE;
				CLANG_WARN_UNREACHABLE_CODE = YES;
				CLANG_WARN__DUPLICATE_METHOD_MATCH = YES;
				COPY_PHASE_STRIP = NO;
				CURRENT_PROJECT_VERSION = 1;
				DEBUG_INFORMATION_FORMAT = dwarf;
				ENABLE_STRICT_OBJC_MSGSEND = YES;
				ENABLE_TESTABILITY = YES;
				GCC_C_LANGUAGE_STANDARD = gnu11;
				GCC_DYNAMIC_NO_PIC = NO;
				GCC_NO_COMMON_BLOCKS = YES;
				GCC_OPTIMIZATION_LEVEL = 0;
				GCC_PREPROCESSOR_DEFINITIONS = (
					"DEBUG=1",
					"$(inherited)",
				);
				GCC_WARN_64_TO_32_BIT_CONVERSION = YES;
				GCC_WARN_ABOUT_RETURN_TYPE = YES_ERROR;
				GCC_WARN_UNDECLARED_SELECTOR = YES;
				GCC_WARN_UNINITIALIZED_AUTOS = YES_AGGRESSIVE;
				GCC_WARN_UNUSED_FUNCTION = YES;
				GCC_WARN_UNUSED_VARIABLE = YES;
				IPHONEOS_DEPLOYMENT_TARGET = 14.0;
				MTL_ENABLE_DEBUG_INFO = INCLUDE_SOURCE;
				MTL_FAST_MATH = YES;
				ONLY_ACTIVE_ARCH = YES;
				SDKROOT = iphoneos;
				SWIFT_ACTIVE_COMPILATION_CONDITIONS = DEBUG;
				SWIFT_OPTIMIZATION_LEVEL = "-Onone";
				VERSIONING_SYSTEM = "apple-generic";
				VERSION_INFO_PREFIX = "";
			};
			name = Debug;
		};
		68432E38291B9C8C001AB7F2 /* Release */ = {
			isa = XCBuildConfiguration;
			buildSettings = {
				ALWAYS_SEARCH_USER_PATHS = NO;
				CLANG_ANALYZER_NONNULL = YES;
				CLANG_ANALYZER_NUMBER_OBJECT_CONVERSION = YES_AGGRESSIVE;
				CLANG_CXX_LANGUAGE_STANDARD = "gnu++20";
				CLANG_ENABLE_MODULES = YES;
				CLANG_ENABLE_OBJC_ARC = YES;
				CLANG_ENABLE_OBJC_WEAK = YES;
				CLANG_WARN_BLOCK_CAPTURE_AUTORELEASING = YES;
				CLANG_WARN_BOOL_CONVERSION = YES;
				CLANG_WARN_COMMA = YES;
				CLANG_WARN_CONSTANT_CONVERSION = YES;
				CLANG_WARN_DEPRECATED_OBJC_IMPLEMENTATIONS = YES;
				CLANG_WARN_DIRECT_OBJC_ISA_USAGE = YES_ERROR;
				CLANG_WARN_DOCUMENTATION_COMMENTS = YES;
				CLANG_WARN_EMPTY_BODY = YES;
				CLANG_WARN_ENUM_CONVERSION = YES;
				CLANG_WARN_INFINITE_RECURSION = YES;
				CLANG_WARN_INT_CONVERSION = YES;
				CLANG_WARN_NON_LITERAL_NULL_CONVERSION = YES;
				CLANG_WARN_OBJC_IMPLICIT_RETAIN_SELF = YES;
				CLANG_WARN_OBJC_LITERAL_CONVERSION = YES;
				CLANG_WARN_OBJC_ROOT_CLASS = YES_ERROR;
				CLANG_WARN_QUOTED_INCLUDE_IN_FRAMEWORK_HEADER = YES;
				CLANG_WARN_RANGE_LOOP_ANALYSIS = YES;
				CLANG_WARN_STRICT_PROTOTYPES = YES;
				CLANG_WARN_SUSPICIOUS_MOVE = YES;
				CLANG_WARN_UNGUARDED_AVAILABILITY = YES_AGGRESSIVE;
				CLANG_WARN_UNREACHABLE_CODE = YES;
				CLANG_WARN__DUPLICATE_METHOD_MATCH = YES;
				COPY_PHASE_STRIP = NO;
				CURRENT_PROJECT_VERSION = 1;
				DEBUG_INFORMATION_FORMAT = "dwarf-with-dsym";
				ENABLE_NS_ASSERTIONS = NO;
				ENABLE_STRICT_OBJC_MSGSEND = YES;
				GCC_C_LANGUAGE_STANDARD = gnu11;
				GCC_NO_COMMON_BLOCKS = YES;
				GCC_WARN_64_TO_32_BIT_CONVERSION = YES;
				GCC_WARN_ABOUT_RETURN_TYPE = YES_ERROR;
				GCC_WARN_UNDECLARED_SELECTOR = YES;
				GCC_WARN_UNINITIALIZED_AUTOS = YES_AGGRESSIVE;
				GCC_WARN_UNUSED_FUNCTION = YES;
				GCC_WARN_UNUSED_VARIABLE = YES;
				IPHONEOS_DEPLOYMENT_TARGET = 14.0;
				MTL_ENABLE_DEBUG_INFO = NO;
				MTL_FAST_MATH = YES;
				SDKROOT = iphoneos;
				SWIFT_COMPILATION_MODE = wholemodule;
				SWIFT_OPTIMIZATION_LEVEL = "-O";
				VALIDATE_PRODUCT = YES;
				VERSIONING_SYSTEM = "apple-generic";
				VERSION_INFO_PREFIX = "";
			};
			name = Release;
		};
		68432E3A291B9C8C001AB7F2 /* Debug */ = {
			isa = XCBuildConfiguration;
			buildSettings = {
				CLANG_ENABLE_MODULES = YES;
				CODE_SIGN_IDENTITY = "Apple Development";
				CODE_SIGN_STYLE = Automatic;
				CURRENT_PROJECT_VERSION = 1;
				DEFINES_MODULE = YES;
				DEVELOPMENT_TEAM = 79BPQ6NDVU;
				DYLIB_COMPATIBILITY_VERSION = 1;
				DYLIB_CURRENT_VERSION = 1;
				DYLIB_INSTALL_NAME_BASE = "@rpath";
				GENERATE_INFOPLIST_FILE = YES;
				INFOPLIST_KEY_NSHumanReadableCopyright = "";
				INSTALL_PATH = "$(LOCAL_LIBRARY_DIR)/Frameworks";
				IPHONEOS_DEPLOYMENT_TARGET = 14.0;
				LD_RUNPATH_SEARCH_PATHS = (
					"$(inherited)",
					"@executable_path/Frameworks",
					"@loader_path/Frameworks",
				);
				MARKETING_VERSION = 1.0;
				PRODUCT_BUNDLE_IDENTIFIER = com.tuantang.UseCases;
				PRODUCT_NAME = "$(TARGET_NAME:c99extidentifier)";
				SKIP_INSTALL = YES;
				SUPPORTED_PLATFORMS = "iphoneos iphonesimulator";
				SUPPORTS_MACCATALYST = NO;
				SUPPORTS_MAC_DESIGNED_FOR_IPHONE_IPAD = NO;
				SWIFT_EMIT_LOC_STRINGS = YES;
				SWIFT_OPTIMIZATION_LEVEL = "-Onone";
				SWIFT_VERSION = 5.0;
				TARGETED_DEVICE_FAMILY = "1,2";
			};
			name = Debug;
		};
		68432E3B291B9C8C001AB7F2 /* Release */ = {
			isa = XCBuildConfiguration;
			buildSettings = {
				CLANG_ENABLE_MODULES = YES;
				CODE_SIGN_IDENTITY = "Apple Development";
				CODE_SIGN_STYLE = Automatic;
				CURRENT_PROJECT_VERSION = 1;
				DEFINES_MODULE = YES;
				DEVELOPMENT_TEAM = 79BPQ6NDVU;
				DYLIB_COMPATIBILITY_VERSION = 1;
				DYLIB_CURRENT_VERSION = 1;
				DYLIB_INSTALL_NAME_BASE = "@rpath";
				GENERATE_INFOPLIST_FILE = YES;
				INFOPLIST_KEY_NSHumanReadableCopyright = "";
				INSTALL_PATH = "$(LOCAL_LIBRARY_DIR)/Frameworks";
				IPHONEOS_DEPLOYMENT_TARGET = 14.0;
				LD_RUNPATH_SEARCH_PATHS = (
					"$(inherited)",
					"@executable_path/Frameworks",
					"@loader_path/Frameworks",
				);
				MARKETING_VERSION = 1.0;
				PRODUCT_BUNDLE_IDENTIFIER = com.tuantang.UseCases;
				PRODUCT_NAME = "$(TARGET_NAME:c99extidentifier)";
				SKIP_INSTALL = YES;
				SUPPORTED_PLATFORMS = "iphoneos iphonesimulator";
				SUPPORTS_MACCATALYST = NO;
				SUPPORTS_MAC_DESIGNED_FOR_IPHONE_IPAD = NO;
				SWIFT_EMIT_LOC_STRINGS = YES;
				SWIFT_VERSION = 5.0;
				TARGETED_DEVICE_FAMILY = "1,2";
			};
			name = Release;
		};
		68432E3D291B9C8C001AB7F2 /* Debug */ = {
			isa = XCBuildConfiguration;
			buildSettings = {
				ALWAYS_EMBED_SWIFT_STANDARD_LIBRARIES = YES;
				CODE_SIGN_STYLE = Automatic;
				CURRENT_PROJECT_VERSION = 1;
				GENERATE_INFOPLIST_FILE = YES;
				MARKETING_VERSION = 1.0;
				PRODUCT_BUNDLE_IDENTIFIER = com.tuantang.UseCasesTests;
				PRODUCT_NAME = "$(TARGET_NAME)";
				SWIFT_EMIT_LOC_STRINGS = NO;
				SWIFT_VERSION = 5.0;
				TARGETED_DEVICE_FAMILY = "1,2";
			};
			name = Debug;
		};
		68432E3E291B9C8C001AB7F2 /* Release */ = {
			isa = XCBuildConfiguration;
			buildSettings = {
				ALWAYS_EMBED_SWIFT_STANDARD_LIBRARIES = YES;
				CODE_SIGN_STYLE = Automatic;
				CURRENT_PROJECT_VERSION = 1;
				GENERATE_INFOPLIST_FILE = YES;
				MARKETING_VERSION = 1.0;
				PRODUCT_BUNDLE_IDENTIFIER = com.tuantang.UseCasesTests;
				PRODUCT_NAME = "$(TARGET_NAME)";
				SWIFT_EMIT_LOC_STRINGS = NO;
				SWIFT_VERSION = 5.0;
				TARGETED_DEVICE_FAMILY = "1,2";
			};
			name = Release;
		};
/* End XCBuildConfiguration section */

/* Begin XCConfigurationList section */
		68432E21291B9C8C001AB7F2 /* Build configuration list for PBXProject "UseCases" */ = {
			isa = XCConfigurationList;
			buildConfigurations = (
				68432E37291B9C8C001AB7F2 /* Debug */,
				68432E38291B9C8C001AB7F2 /* Release */,
			);
			defaultConfigurationIsVisible = 0;
			defaultConfigurationName = Release;
		};
		68432E39291B9C8C001AB7F2 /* Build configuration list for PBXNativeTarget "UseCases" */ = {
			isa = XCConfigurationList;
			buildConfigurations = (
				68432E3A291B9C8C001AB7F2 /* Debug */,
				68432E3B291B9C8C001AB7F2 /* Release */,
			);
			defaultConfigurationIsVisible = 0;
			defaultConfigurationName = Release;
		};
		68432E3C291B9C8C001AB7F2 /* Build configuration list for PBXNativeTarget "UseCasesTests" */ = {
			isa = XCConfigurationList;
			buildConfigurations = (
				68432E3D291B9C8C001AB7F2 /* Debug */,
				68432E3E291B9C8C001AB7F2 /* Release */,
			);
			defaultConfigurationIsVisible = 0;
			defaultConfigurationName = Release;
		};
/* End XCConfigurationList section */
	};
	rootObject = 68432E1E291B9C8C001AB7F2 /* Project object */;
}
